
Microsoft Visual Studio Solution File, Format Version 12.00
# Visual Studio Version 17
VisualStudioVersion = 17.2.32526.322
MinimumVisualStudioVersion = 10.0.40219.1
Project("{9A19103F-16F7-4668-BE54-9A1E7A4F7556}") = "CsharpBasics", "..\CsharpBasics\CsharpBasics.csproj", "{1098131F-6B88-45CB-A208-9C8018AE3C8A}"
EndProject
Global
	GlobalSection(SolutionConfigurationPlatforms) = preSolution
		Debug|Any CPU = Debug|Any CPU
		Release|Any CPU = Release|Any CPU
	EndGlobalSection
	GlobalSection(ProjectConfigurationPlatforms) = postSolution
		{1098131F-6B88-45CB-A208-9C8018AE3C8A}.Debug|Any CPU.ActiveCfg = Debug|Any CPU
		{1098131F-6B88-45CB-A208-9C8018AE3C8A}.Debug|Any CPU.Build.0 = Debug|Any CPU
		{1098131F-6B88-45CB-A208-9C8018AE3C8A}.Release|Any CPU.ActiveCfg = Release|Any CPU
		{1098131F-6B88-45CB-A208-9C8018AE3C8A}.Release|Any CPU.Build.0 = Release|Any CPU
	EndGlobalSection
	GlobalSection(SolutionProperties) = preSolution
		HideSolutionNode = FALSE
	EndGlobalSection
	GlobalSection(ExtensibilityGlobals) = postSolution
		SolutionGuid = {217EEA72-3155-42B0-B596-B91834BD613F}
	EndGlobalSection
EndGlobal
